
Microsoft Visual Studio Solution File, Format Version 12.00
# Visual Studio Version 16
VisualStudioVersion = 16.0.31515.178
MinimumVisualStudioVersion = 10.0.40219.1
Project("{FAE04EC0-301F-11D3-BF4B-00C04F79EFBC}") = "ShoppingCartKata", "ShoppingCartKata.csproj", "{CE0B1479-7E96-4AEE-B733-59FAB4134846}"
EndProject
Project("{FAE04EC0-301F-11D3-BF4B-00C04F79EFBC}") = "ShoppingCartKataTests", "..\ShoppingCartKataTests\ShoppingCartKataTests.csproj", "{78EA27DD-1964-4843-A9A8-D6611597E848}"
EndProject
Global
	GlobalSection(SolutionConfigurationPlatforms) = preSolution
		Debug|Any CPU = Debug|Any CPU
		Release|Any CPU = Release|Any CPU
	EndGlobalSection
	GlobalSection(ProjectConfigurationPlatforms) = postSolution
		{CE0B1479-7E96-4AEE-B733-59FAB4134846}.Debug|Any CPU.ActiveCfg = Debug|Any CPU
		{CE0B1479-7E96-4AEE-B733-59FAB4134846}.Debug|Any CPU.Build.0 = Debug|Any CPU
		{CE0B1479-7E96-4AEE-B733-59FAB4134846}.Release|Any CPU.ActiveCfg = Release|Any CPU
		{CE0B1479-7E96-4AEE-B733-59FAB4134846}.Release|Any CPU.Build.0 = Release|Any CPU
		{78EA27DD-1964-4843-A9A8-D6611597E848}.Debug|Any CPU.ActiveCfg = Debug|Any CPU
		{78EA27DD-1964-4843-A9A8-D6611597E848}.Debug|Any CPU.Build.0 = Debug|Any CPU
		{78EA27DD-1964-4843-A9A8-D6611597E848}.Release|Any CPU.ActiveCfg = Release|Any CPU
		{78EA27DD-1964-4843-A9A8-D6611597E848}.Release|Any CPU.Build.0 = Release|Any CPU
	EndGlobalSection
	GlobalSection(SolutionProperties) = preSolution
		HideSolutionNode = FALSE
	EndGlobalSection
	GlobalSection(ExtensibilityGlobals) = postSolution
		SolutionGuid = {A9C18832-8DC5-4D6F-B59B-9A1D93717685}
	EndGlobalSection
EndGlobal
